// !$*UTF8*$!
{
	archiveVersion = 1;
	classes = {
	};
	objectVersion = 46;
	objects = {

/* Begin PBXBuildFile section */
		0207DA581B56EA530066E2B4 /* Images.xcassets in Resources */ = {isa = PBXBuildFile; fileRef = 0207DA571B56EA530066E2B4 /* Images.xcassets */; };
		1D3623260D0F684500981E51 /* AppDelegate.m in Sources */ = {isa = PBXBuildFile; fileRef = 1D3623250D0F684500981E51 /* AppDelegate.m */; };
		1D60589B0D05DD56006BFB54 /* main.m in Sources */ = {isa = PBXBuildFile; fileRef = 29B97316FDCFA39411CA2CEA /* main.m */; };
		301BF552109A68D80062928A /* libCordova.a in Frameworks */ = {isa = PBXBuildFile; fileRef = 301BF535109A57CC0062928A /* libCordova.a */; settings = {ATTRIBUTES = (Required, ); }; };
		302D95F114D2391D003F00A1 /* MainViewController.m in Sources */ = {isa = PBXBuildFile; fileRef = 302D95EF14D2391D003F00A1 /* MainViewController.m */; };
		302D95F214D2391D003F00A1 /* MainViewController.xib in Resources */ = {isa = PBXBuildFile; fileRef = 302D95F014D2391D003F00A1 /* MainViewController.xib */; };
		45536BBAE83840988D13BA75 /* libc++.1.tbd in Frameworks */ = {isa = PBXBuildFile; fileRef = 9B45CA2CB1004A11AAAC1A2B /* libc++.1.tbd */; settings = {ATTRIBUTES = (Weak, ); }; };
		6A5EC2DEDF814F918F3527C7 /* CoreTelephony.framework in Frameworks */ = {isa = PBXBuildFile; fileRef = 035DC01AC599482DBFB50A57 /* CoreTelephony.framework */; settings = {ATTRIBUTES = (Weak, ); }; };
		6AFF5BF91D6E424B00AB3073 /* CDVLaunchScreen.storyboard in Resources */ = {isa = PBXBuildFile; fileRef = 6AFF5BF81D6E424B00AB3073 /* CDVLaunchScreen.storyboard */; };
		6B5A63CC160D4F9F83928EBF /* libYouMeCommon.a in Frameworks */ = {isa = PBXBuildFile; fileRef = 1D431C331A144CD2912B6E64 /* libYouMeCommon.a */; };
		70BF28BC976245DA8B8190FE /* SystemConfiguration.framework in Frameworks */ = {isa = PBXBuildFile; fileRef = 61FBE868A26D4E35B190549E /* SystemConfiguration.framework */; settings = {ATTRIBUTES = (Weak, ); }; };
		816B845C093B4F4BBEA5A1E6 /* CoreLocation.framework in Frameworks */ = {isa = PBXBuildFile; fileRef = E62EDC5BC96A443CB21788E8 /* CoreLocation.framework */; settings = {ATTRIBUTES = (Weak, ); }; };
		835CB46ADD6A47C7B18D87A1 /* iflyMSC.framework in Frameworks */ = {isa = PBXBuildFile; fileRef = 443F97598B734D77B21B9049 /* iflyMSC.framework */; };
		84F17BF15CFB4780AC506342 /* YIMMessage.m in Sources */ = {isa = PBXBuildFile; fileRef = 8800ECF4E999427FA709E785 /* YIMMessage.m */; };
		88C0A3503ECD4840B9EE0423 /* YIMCallbackBlock.mm in Sources */ = {isa = PBXBuildFile; fileRef = 0909F2D75F6C424EBDC53AD5 /* YIMCallbackBlock.mm */; };
		A1BAFC21AEC24C048E4BA1AB /* YIMClient.mm in Sources */ = {isa = PBXBuildFile; fileRef = 7B1DC0CDFFA44480B9D6AA76 /* YIMClient.mm */; };
		A7BE31163C15445CAFAACDD9 /* libz.tbd in Frameworks */ = {isa = PBXBuildFile; fileRef = 2C07F2E549B4481290E6EFF2 /* libz.tbd */; settings = {ATTRIBUTES = (Weak, ); }; };
		A83D6B7D5F8F4FB08BAC55EF /* libresolv.9.tbd in Frameworks */ = {isa = PBXBuildFile; fileRef = 4F50CF5CF19D4833AF0ED4B9 /* libresolv.9.tbd */; settings = {ATTRIBUTES = (Weak, ); }; };
		B25165658E6D455AAE11642D /* YIMService.mm in Sources */ = {isa = PBXBuildFile; fileRef = A1142C980FBB4658BB9C175F /* YIMService.mm */; };
		B4109FAA8B49463EAE700762 /* YoumeIMCordovaPlugin.mm in Sources */ = {isa = PBXBuildFile; fileRef = 69B05054E7224BE093E73A65 /* YoumeIMCordovaPlugin.mm */; };
		C008CA84CBA947B6B8672915 /* USCModule.framework in Frameworks */ = {isa = PBXBuildFile; fileRef = B076C46B581A4B9E92B8592B /* USCModule.framework */; };
		C19A50C2FAB247A5A207D22D /* AudioToolbox.framework in Frameworks */ = {isa = PBXBuildFile; fileRef = C47CFF5800A3467DB86A1D3D /* AudioToolbox.framework */; settings = {ATTRIBUTES = (Weak, ); }; };
		C84ED9372D634831B3D33ECD /* AVFoundation.framework in Frameworks */ = {isa = PBXBuildFile; fileRef = BDEFC45D6BFD4941BC4F0A17 /* AVFoundation.framework */; settings = {ATTRIBUTES = (Weak, ); }; };
		CF8FB81E2304305A009A2050 /* AliyunNlsSdk.framework in Frameworks */ = {isa = PBXBuildFile; fileRef = 6185F994609C4B8E93702595 /* AliyunNlsSdk.framework */; };
		D097FA069A6F444ABBBD57C2 /* libyim.a in Frameworks */ = {isa = PBXBuildFile; fileRef = 8B188C4346BA4E86A693EE65 /* libyim.a */; };
		D0DACF7FF851485C9BA228BA /* YIMImplement.mm in Sources */ = {isa = PBXBuildFile; fileRef = 633A7BD0F6164737A73B0CE6 /* YIMImplement.mm */; };
		D5CB6256CB4A42968F07C25A /* libsqlite3.0.tbd in Frameworks */ = {isa = PBXBuildFile; fileRef = B4052B1041A94DF8B719B3CF /* libsqlite3.0.tbd */; settings = {ATTRIBUTES = (Weak, ); }; };
		F35DAC632C324F2A9CF1BD5D /* AliyunNlsSdk.framework in Embed Frameworks */ = {isa = PBXBuildFile; fileRef = 6185F994609C4B8E93702595 /* AliyunNlsSdk.framework */; settings = {ATTRIBUTES = (CodeSignOnCopy, ); }; };
/* End PBXBuildFile section */

/* Begin PBXContainerItemProxy section */
		301BF534109A57CC0062928A /* PBXContainerItemProxy */ = {
			isa = PBXContainerItemProxy;
			containerPortal = 301BF52D109A57CC0062928A /* CordovaLib/CordovaLib.xcodeproj */;
			proxyType = 2;
			remoteGlobalIDString = D2AAC07E0554694100DB518D;
			remoteInfo = CordovaLib;
		};
		301BF550109A68C00062928A /* PBXContainerItemProxy */ = {
			isa = PBXContainerItemProxy;
			containerPortal = 301BF52D109A57CC0062928A /* CordovaLib/CordovaLib.xcodeproj */;
			proxyType = 1;
			remoteGlobalIDString = D2AAC07D0554694100DB518D;
			remoteInfo = CordovaLib;
		};
		907D8123214C687600058A10 /* PBXContainerItemProxy */ = {
			isa = PBXContainerItemProxy;
			containerPortal = 301BF52D109A57CC0062928A /* CordovaLib/CordovaLib.xcodeproj */;
			proxyType = 2;
			remoteGlobalIDString = C0C01EB21E3911D50056E6CB;
			remoteInfo = Cordova;
		};
/* End PBXContainerItemProxy section */

/* Begin PBXCopyFilesBuildPhase section */
		8E5C93C8822641D790B577F8 /* Embed Frameworks */ = {
			isa = PBXCopyFilesBuildPhase;
			buildActionMask = 2147483647;
			dstPath = "";
			dstSubfolderSpec = 10;
			files = (
				F35DAC632C324F2A9CF1BD5D /* AliyunNlsSdk.framework in Embed Frameworks */,
			);
			name = "Embed Frameworks";
			runOnlyForDeploymentPostprocessing = 0;
		};
/* End PBXCopyFilesBuildPhase section */

/* Begin PBXFileReference section */
		005E0BA4EA0C4522BEC0B11A /* YIMCallbackBlock.h */ = {isa = PBXFileReference; explicitFileType = undefined; fileEncoding = 4; includeInIndex = 0; lastKnownFileType = sourcecode.c.h; name = YIMCallbackBlock.h; path = im.youme.cordovaim/YIMCallbackBlock.h; sourceTree = "<group>"; };
		0207DA571B56EA530066E2B4 /* Images.xcassets */ = {isa = PBXFileReference; lastKnownFileType = folder.assetcatalog; name = Images.xcassets; path = HelloCordova/Images.xcassets; sourceTree = SOURCE_ROOT; };
		035DC01AC599482DBFB50A57 /* CoreTelephony.framework */ = {isa = PBXFileReference; explicitFileType = undefined; fileEncoding = 9; includeInIndex = 0; lastKnownFileType = wrapper.framework; name = CoreTelephony.framework; path = System/Library/Frameworks/CoreTelephony.framework; sourceTree = SDKROOT; };
		0909F2D75F6C424EBDC53AD5 /* YIMCallbackBlock.mm */ = {isa = PBXFileReference; explicitFileType = undefined; fileEncoding = 9; includeInIndex = 0; lastKnownFileType = unknown; name = YIMCallbackBlock.mm; path = im.youme.cordovaim/YIMCallbackBlock.mm; sourceTree = "<group>"; };
		1D3623240D0F684500981E51 /* AppDelegate.h */ = {isa = PBXFileReference; fileEncoding = 4; lastKnownFileType = sourcecode.c.h; path = AppDelegate.h; sourceTree = "<group>"; };
		1D3623250D0F684500981E51 /* AppDelegate.m */ = {isa = PBXFileReference; fileEncoding = 4; lastKnownFileType = sourcecode.c.objc; path = AppDelegate.m; sourceTree = "<group>"; };
		1D431C331A144CD2912B6E64 /* libYouMeCommon.a */ = {isa = PBXFileReference; explicitFileType = undefined; fileEncoding = 9; includeInIndex = 0; lastKnownFileType = archive.ar; name = libYouMeCommon.a; path = HelloCordova/Plugins/im.youme.cordovaim/libYouMeCommon.a; sourceTree = "<group>"; };
		1D6058910D05DD3D006BFB54 /* HelloCordova.app */ = {isa = PBXFileReference; explicitFileType = wrapper.application; includeInIndex = 0; path = HelloCordova.app; sourceTree = BUILT_PRODUCTS_DIR; };
		1E9EF142012B4E8FB9CA9CE7 /* YIMMessage.h */ = {isa = PBXFileReference; explicitFileType = undefined; fileEncoding = 4; includeInIndex = 0; lastKnownFileType = sourcecode.c.h; name = YIMMessage.h; path = im.youme.cordovaim/YIMMessage.h; sourceTree = "<group>"; };
		29B97316FDCFA39411CA2CEA /* main.m */ = {isa = PBXFileReference; fileEncoding = 4; lastKnownFileType = sourcecode.c.objc; path = main.m; sourceTree = "<group>"; };
		2C07F2E549B4481290E6EFF2 /* libz.tbd */ = {isa = PBXFileReference; explicitFileType = undefined; fileEncoding = 9; includeInIndex = 0; lastKnownFileType = "sourcecode.text-based-dylib-definition"; name = libz.tbd; path = usr/lib/libz.tbd; sourceTree = SDKROOT; };
		301BF52D109A57CC0062928A /* CordovaLib/CordovaLib.xcodeproj */ = {isa = PBXFileReference; lastKnownFileType = "wrapper.pb-project"; path = CordovaLib/CordovaLib.xcodeproj; sourceTree = "<group>"; };
		301BF56E109A69640062928A /* www */ = {isa = PBXFileReference; lastKnownFileType = folder; path = www; sourceTree = SOURCE_ROOT; };
		302D95EE14D2391D003F00A1 /* MainViewController.h */ = {isa = PBXFileReference; fileEncoding = 4; lastKnownFileType = sourcecode.c.h; path = MainViewController.h; sourceTree = "<group>"; };
		302D95EF14D2391D003F00A1 /* MainViewController.m */ = {isa = PBXFileReference; fileEncoding = 4; lastKnownFileType = sourcecode.c.objc; path = MainViewController.m; sourceTree = "<group>"; };
		302D95F014D2391D003F00A1 /* MainViewController.xib */ = {isa = PBXFileReference; fileEncoding = 4; lastKnownFileType = file.xib; path = MainViewController.xib; sourceTree = "<group>"; };
		3047A50F1AB8059700498E2A /* build-debug.xcconfig */ = {isa = PBXFileReference; fileEncoding = 4; lastKnownFileType = text.xcconfig; name = "build-debug.xcconfig"; path = "cordova/build-debug.xcconfig"; sourceTree = SOURCE_ROOT; };
		3047A5101AB8059700498E2A /* build-release.xcconfig */ = {isa = PBXFileReference; fileEncoding = 4; lastKnownFileType = text.xcconfig; name = "build-release.xcconfig"; path = "cordova/build-release.xcconfig"; sourceTree = SOURCE_ROOT; };
		3047A5111AB8059700498E2A /* build.xcconfig */ = {isa = PBXFileReference; fileEncoding = 4; lastKnownFileType = text.xcconfig; name = build.xcconfig; path = cordova/build.xcconfig; sourceTree = SOURCE_ROOT; };
		32CA4F630368D1EE00C91783 /* HelloCordova-Prefix.pch */ = {isa = PBXFileReference; fileEncoding = 4; lastKnownFileType = sourcecode.c.h; path = "HelloCordova-Prefix.pch"; sourceTree = "<group>"; };
		443F97598B734D77B21B9049 /* iflyMSC.framework */ = {isa = PBXFileReference; explicitFileType = undefined; fileEncoding = 9; includeInIndex = 0; lastKnownFileType = wrapper.framework; name = iflyMSC.framework; path = System/Library/Frameworks/iflyMSC.framework; sourceTree = SDKROOT; };
		457531CB873E4285860DB306 /* YIMImplement.h */ = {isa = PBXFileReference; explicitFileType = undefined; fileEncoding = 4; includeInIndex = 0; lastKnownFileType = sourcecode.c.h; name = YIMImplement.h; path = im.youme.cordovaim/YIMImplement.h; sourceTree = "<group>"; };
		4F50CF5CF19D4833AF0ED4B9 /* libresolv.9.tbd */ = {isa = PBXFileReference; explicitFileType = undefined; fileEncoding = 9; includeInIndex = 0; lastKnownFileType = "sourcecode.text-based-dylib-definition"; name = libresolv.9.tbd; path = usr/lib/libresolv.9.tbd; sourceTree = SDKROOT; };
		6185F994609C4B8E93702595 /* AliyunNlsSdk.framework */ = {isa = PBXFileReference; explicitFileType = undefined; fileEncoding = 9; includeInIndex = 0; lastKnownFileType = wrapper.framework; name = AliyunNlsSdk.framework; path = HelloCordova/Plugins/im.youme.cordovaim/AliyunNlsSdk.framework; sourceTree = "<group>"; };
		61FBE868A26D4E35B190549E /* SystemConfiguration.framework */ = {isa = PBXFileReference; explicitFileType = undefined; fileEncoding = 9; includeInIndex = 0; lastKnownFileType = wrapper.framework; name = SystemConfiguration.framework; path = System/Library/Frameworks/SystemConfiguration.framework; sourceTree = SDKROOT; };
		633A7BD0F6164737A73B0CE6 /* YIMImplement.mm */ = {isa = PBXFileReference; explicitFileType = undefined; fileEncoding = 9; includeInIndex = 0; lastKnownFileType = unknown; name = YIMImplement.mm; path = im.youme.cordovaim/YIMImplement.mm; sourceTree = "<group>"; };
		69B05054E7224BE093E73A65 /* YoumeIMCordovaPlugin.mm */ = {isa = PBXFileReference; explicitFileType = undefined; fileEncoding = 9; includeInIndex = 0; lastKnownFileType = unknown; name = YoumeIMCordovaPlugin.mm; path = im.youme.cordovaim/YoumeIMCordovaPlugin.mm; sourceTree = "<group>"; };
		6AFF5BF81D6E424B00AB3073 /* CDVLaunchScreen.storyboard */ = {isa = PBXFileReference; fileEncoding = 4; lastKnownFileType = file.storyboard; name = CDVLaunchScreen.storyboard; path = HelloCordova/CDVLaunchScreen.storyboard; sourceTree = SOURCE_ROOT; };
		723CC8852A844E82B1E29E99 /* YIMClient.h */ = {isa = PBXFileReference; explicitFileType = undefined; fileEncoding = 4; includeInIndex = 0; lastKnownFileType = sourcecode.c.h; name = YIMClient.h; path = im.youme.cordovaim/YIMClient.h; sourceTree = "<group>"; };
		7293E7C392854EE791FF1B8C /* YIMService.h */ = {isa = PBXFileReference; explicitFileType = undefined; fileEncoding = 4; includeInIndex = 0; lastKnownFileType = sourcecode.c.h; name = YIMService.h; path = im.youme.cordovaim/YIMService.h; sourceTree = "<group>"; };
		7B1DC0CDFFA44480B9D6AA76 /* YIMClient.mm */ = {isa = PBXFileReference; explicitFileType = undefined; fileEncoding = 9; includeInIndex = 0; lastKnownFileType = unknown; name = YIMClient.mm; path = im.youme.cordovaim/YIMClient.mm; sourceTree = "<group>"; };
		8800ECF4E999427FA709E785 /* YIMMessage.m */ = {isa = PBXFileReference; explicitFileType = undefined; fileEncoding = 4; includeInIndex = 0; lastKnownFileType = sourcecode.c.objc; name = YIMMessage.m; path = im.youme.cordovaim/YIMMessage.m; sourceTree = "<group>"; };
		8B188C4346BA4E86A693EE65 /* libyim.a */ = {isa = PBXFileReference; explicitFileType = undefined; fileEncoding = 9; includeInIndex = 0; lastKnownFileType = archive.ar; name = libyim.a; path = HelloCordova/Plugins/im.youme.cordovaim/libyim.a; sourceTree = "<group>"; };
		8D1107310486CEB800E47090 /* HelloCordova-Info.plist */ = {isa = PBXFileReference; fileEncoding = 4; lastKnownFileType = text.plist.xml; name = "HelloCordova-Info.plist"; path = "HelloCordova/HelloCordova-Info.plist"; plistStructureDefinitionIdentifier = "com.apple.xcode.plist.structure-definition.iphone.info-plist"; sourceTree = SOURCE_ROOT; };
		9B45CA2CB1004A11AAAC1A2B /* libc++.1.tbd */ = {isa = PBXFileReference; explicitFileType = undefined; fileEncoding = 9; includeInIndex = 0; lastKnownFileType = "sourcecode.text-based-dylib-definition"; name = "libc++.1.tbd"; path = "usr/lib/libc++.1.tbd"; sourceTree = SDKROOT; };
		A1142C980FBB4658BB9C175F /* YIMService.mm */ = {isa = PBXFileReference; explicitFileType = undefined; fileEncoding = 9; includeInIndex = 0; lastKnownFileType = unknown; name = YIMService.mm; path = im.youme.cordovaim/YIMService.mm; sourceTree = "<group>"; };
		AC418D05F67A49DD9CF50807 /* YIM.h */ = {isa = PBXFileReference; explicitFileType = undefined; fileEncoding = 4; includeInIndex = 0; lastKnownFileType = sourcecode.c.h; name = YIM.h; path = im.youme.cordovaim/YIM.h; sourceTree = "<group>"; };
		B076C46B581A4B9E92B8592B /* USCModule.framework */ = {isa = PBXFileReference; explicitFileType = undefined; fileEncoding = 9; includeInIndex = 0; lastKnownFileType = wrapper.framework; name = USCModule.framework; path = System/Library/Frameworks/USCModule.framework; sourceTree = SDKROOT; };
		B4052B1041A94DF8B719B3CF /* libsqlite3.0.tbd */ = {isa = PBXFileReference; explicitFileType = undefined; fileEncoding = 9; includeInIndex = 0; lastKnownFileType = "sourcecode.text-based-dylib-definition"; name = libsqlite3.0.tbd; path = usr/lib/libsqlite3.0.tbd; sourceTree = SDKROOT; };
		BDEFC45D6BFD4941BC4F0A17 /* AVFoundation.framework */ = {isa = PBXFileReference; explicitFileType = undefined; fileEncoding = 9; includeInIndex = 0; lastKnownFileType = wrapper.framework; name = AVFoundation.framework; path = System/Library/Frameworks/AVFoundation.framework; sourceTree = SDKROOT; };
		C017F410B0224EB3979E9637 /* YIMCallbackProtocol.h */ = {isa = PBXFileReference; explicitFileType = undefined; fileEncoding = 4; includeInIndex = 0; lastKnownFileType = sourcecode.c.h; name = YIMCallbackProtocol.h; path = im.youme.cordovaim/YIMCallbackProtocol.h; sourceTree = "<group>"; };
		C32020355B1845A99BCFF38A /* YIMPlatformDefine.h */ = {isa = PBXFileReference; explicitFileType = undefined; fileEncoding = 4; includeInIndex = 0; lastKnownFileType = sourcecode.c.h; name = YIMPlatformDefine.h; path = im.youme.cordovaim/YIMPlatformDefine.h; sourceTree = "<group>"; };
		C47CFF5800A3467DB86A1D3D /* AudioToolbox.framework */ = {isa = PBXFileReference; explicitFileType = undefined; fileEncoding = 9; includeInIndex = 0; lastKnownFileType = wrapper.framework; name = AudioToolbox.framework; path = System/Library/Frameworks/AudioToolbox.framework; sourceTree = SDKROOT; };
		CFA4F6A022FBBD3A00CD1FD5 /* AudioUnit.framework */ = {isa = PBXFileReference; lastKnownFileType = wrapper.framework; name = AudioUnit.framework; path = System/Library/Frameworks/AudioUnit.framework; sourceTree = SDKROOT; };
		E62EDC5BC96A443CB21788E8 /* CoreLocation.framework */ = {isa = PBXFileReference; explicitFileType = undefined; fileEncoding = 9; includeInIndex = 0; lastKnownFileType = wrapper.framework; name = CoreLocation.framework; path = System/Library/Frameworks/CoreLocation.framework; sourceTree = SDKROOT; };
		EB87FDF31871DA8E0020F90C /* www */ = {isa = PBXFileReference; lastKnownFileType = folder; name = www; path = ../../www; sourceTree = "<group>"; };
		EB87FDF41871DAF40020F90C /* config.xml */ = {isa = PBXFileReference; lastKnownFileType = text.xml; name = config.xml; path = ../../config.xml; sourceTree = "<group>"; };
		ED33DF2A687741AEAF9F8254 /* Bridging-Header.h */ = {isa = PBXFileReference; fileEncoding = 4; lastKnownFileType = sourcecode.c.h; path = "Bridging-Header.h"; sourceTree = "<group>"; };
		F840E1F0165FE0F500CFE078 /* config.xml */ = {isa = PBXFileReference; lastKnownFileType = text.xml; name = config.xml; path = HelloCordova/config.xml; sourceTree = "<group>"; };
/* End PBXFileReference section */

/* Begin PBXFrameworksBuildPhase section */
		1D60588F0D05DD3D006BFB54 /* Frameworks */ = {
			isa = PBXFrameworksBuildPhase;
			buildActionMask = 2147483647;
			files = (
				301BF552109A68D80062928A /* libCordova.a in Frameworks */,
				C008CA84CBA947B6B8672915 /* USCModule.framework in Frameworks */,
				835CB46ADD6A47C7B18D87A1 /* iflyMSC.framework in Frameworks */,
				6B5A63CC160D4F9F83928EBF /* libYouMeCommon.a in Frameworks */,
				D097FA069A6F444ABBBD57C2 /* libyim.a in Frameworks */,
				45536BBAE83840988D13BA75 /* libc++.1.tbd in Frameworks */,
				D5CB6256CB4A42968F07C25A /* libsqlite3.0.tbd in Frameworks */,
				A83D6B7D5F8F4FB08BAC55EF /* libresolv.9.tbd in Frameworks */,
				70BF28BC976245DA8B8190FE /* SystemConfiguration.framework in Frameworks */,
				A7BE31163C15445CAFAACDD9 /* libz.tbd in Frameworks */,
				6A5EC2DEDF814F918F3527C7 /* CoreTelephony.framework in Frameworks */,
				C84ED9372D634831B3D33ECD /* AVFoundation.framework in Frameworks */,
				C19A50C2FAB247A5A207D22D /* AudioToolbox.framework in Frameworks */,
				816B845C093B4F4BBEA5A1E6 /* CoreLocation.framework in Frameworks */,
				CF8FB81E2304305A009A2050 /* AliyunNlsSdk.framework in Frameworks */,
			);
			runOnlyForDeploymentPostprocessing = 0;
		};
/* End PBXFrameworksBuildPhase section */

/* Begin PBXGroup section */
		080E96DDFE201D6D7F000001 /* Classes */ = {
			isa = PBXGroup;
			children = (
				302D95EE14D2391D003F00A1 /* MainViewController.h */,
				302D95EF14D2391D003F00A1 /* MainViewController.m */,
				302D95F014D2391D003F00A1 /* MainViewController.xib */,
				1D3623240D0F684500981E51 /* AppDelegate.h */,
				1D3623250D0F684500981E51 /* AppDelegate.m */,
			);
			name = Classes;
			path = HelloCordova/Classes;
			sourceTree = SOURCE_ROOT;
		};
		19C28FACFE9D520D11CA2CBB /* Products */ = {
			isa = PBXGroup;
			children = (
				1D6058910D05DD3D006BFB54 /* HelloCordova.app */,
			);
			name = Products;
			sourceTree = "<group>";
		};
		29B97314FDCFA39411CA2CEA /* CustomTemplate */ = {
			isa = PBXGroup;
			children = (
				EB87FDF41871DAF40020F90C /* config.xml */,
				EB87FDF31871DA8E0020F90C /* www */,
				EB87FDF11871DA420020F90C /* Staging */,
				301BF52D109A57CC0062928A /* CordovaLib/CordovaLib.xcodeproj */,
				080E96DDFE201D6D7F000001 /* Classes */,
				307C750510C5A3420062BCA9 /* Plugins */,
				29B97315FDCFA39411CA2CEA /* Other Sources */,
				29B97317FDCFA39411CA2CEA /* Resources */,
				29B97323FDCFA39411CA2CEA /* Frameworks */,
				19C28FACFE9D520D11CA2CBB /* Products */,
			);
			name = CustomTemplate;
			sourceTree = "<group>";
		};
		29B97315FDCFA39411CA2CEA /* Other Sources */ = {
			isa = PBXGroup;
			children = (
				32CA4F630368D1EE00C91783 /* HelloCordova-Prefix.pch */,
				29B97316FDCFA39411CA2CEA /* main.m */,
				ED33DF2A687741AEAF9F8254 /* Bridging-Header.h */,
			);
			name = "Other Sources";
			path = HelloCordova;
			sourceTree = "<group>";
		};
		29B97317FDCFA39411CA2CEA /* Resources */ = {
			isa = PBXGroup;
			children = (
				0207DA571B56EA530066E2B4 /* Images.xcassets */,
				3047A50E1AB8057F00498E2A /* config */,
				8D1107310486CEB800E47090 /* HelloCordova-Info.plist */,
				6AFF5BF81D6E424B00AB3073 /* CDVLaunchScreen.storyboard */,
			);
			name = Resources;
			path = HelloCordova/Resources;
			sourceTree = "<group>";
		};
		29B97323FDCFA39411CA2CEA /* Frameworks */ = {
			isa = PBXGroup;
			children = (
				CFA4F6A022FBBD3A00CD1FD5 /* AudioUnit.framework */,
				B076C46B581A4B9E92B8592B /* USCModule.framework */,
				443F97598B734D77B21B9049 /* iflyMSC.framework */,
				1D431C331A144CD2912B6E64 /* libYouMeCommon.a */,
				8B188C4346BA4E86A693EE65 /* libyim.a */,
				6185F994609C4B8E93702595 /* AliyunNlsSdk.framework */,
				9B45CA2CB1004A11AAAC1A2B /* libc++.1.tbd */,
				B4052B1041A94DF8B719B3CF /* libsqlite3.0.tbd */,
				4F50CF5CF19D4833AF0ED4B9 /* libresolv.9.tbd */,
				61FBE868A26D4E35B190549E /* SystemConfiguration.framework */,
				2C07F2E549B4481290E6EFF2 /* libz.tbd */,
				035DC01AC599482DBFB50A57 /* CoreTelephony.framework */,
				BDEFC45D6BFD4941BC4F0A17 /* AVFoundation.framework */,
				C47CFF5800A3467DB86A1D3D /* AudioToolbox.framework */,
				E62EDC5BC96A443CB21788E8 /* CoreLocation.framework */,
			);
			name = Frameworks;
			sourceTree = "<group>";
		};
		301BF52E109A57CC0062928A /* Products */ = {
			isa = PBXGroup;
			children = (
				301BF535109A57CC0062928A /* libCordova.a */,
				907D8124214C687600058A10 /* Cordova.framework */,
			);
			name = Products;
			sourceTree = "<group>";
		};
		3047A50E1AB8057F00498E2A /* config */ = {
			isa = PBXGroup;
			children = (
				3047A50F1AB8059700498E2A /* build-debug.xcconfig */,
				3047A5101AB8059700498E2A /* build-release.xcconfig */,
				3047A5111AB8059700498E2A /* build.xcconfig */,
			);
			name = config;
			sourceTree = "<group>";
		};
		307C750510C5A3420062BCA9 /* Plugins */ = {
			isa = PBXGroup;
			children = (
				0909F2D75F6C424EBDC53AD5 /* YIMCallbackBlock.mm */,
				7B1DC0CDFFA44480B9D6AA76 /* YIMClient.mm */,
				633A7BD0F6164737A73B0CE6 /* YIMImplement.mm */,
				8800ECF4E999427FA709E785 /* YIMMessage.m */,
				A1142C980FBB4658BB9C175F /* YIMService.mm */,
				69B05054E7224BE093E73A65 /* YoumeIMCordovaPlugin.mm */,
				AC418D05F67A49DD9CF50807 /* YIM.h */,
				005E0BA4EA0C4522BEC0B11A /* YIMCallbackBlock.h */,
				C017F410B0224EB3979E9637 /* YIMCallbackProtocol.h */,
				723CC8852A844E82B1E29E99 /* YIMClient.h */,
				457531CB873E4285860DB306 /* YIMImplement.h */,
				1E9EF142012B4E8FB9CA9CE7 /* YIMMessage.h */,
				7293E7C392854EE791FF1B8C /* YIMService.h */,
				C32020355B1845A99BCFF38A /* YIMPlatformDefine.h */,
			);
			name = Plugins;
			path = HelloCordova/Plugins;
			sourceTree = SOURCE_ROOT;
		};
		EB87FDF11871DA420020F90C /* Staging */ = {
			isa = PBXGroup;
			children = (
				F840E1F0165FE0F500CFE078 /* config.xml */,
				301BF56E109A69640062928A /* www */,
			);
			name = Staging;
			sourceTree = "<group>";
		};
/* End PBXGroup section */

/* Begin PBXNativeTarget section */
		1D6058900D05DD3D006BFB54 /* HelloCordova */ = {
			isa = PBXNativeTarget;
			buildConfigurationList = 1D6058960D05DD3E006BFB54 /* Build configuration list for PBXNativeTarget "HelloCordova" */;
			buildPhases = (
				304B58A110DAC018002A0835 /* Copy www directory */,
				1D60588D0D05DD3D006BFB54 /* Resources */,
				1D60588E0D05DD3D006BFB54 /* Sources */,
				1D60588F0D05DD3D006BFB54 /* Frameworks */,
				8E5C93C8822641D790B577F8 /* Embed Frameworks */,
			);
			buildRules = (
			);
			dependencies = (
				301BF551109A68C00062928A /* PBXTargetDependency */,
			);
			name = HelloCordova;
			productName = HelloCordova;
			productReference = 1D6058910D05DD3D006BFB54 /* HelloCordova.app */;
			productType = "com.apple.product-type.application";
		};
/* End PBXNativeTarget section */

/* Begin PBXProject section */
		29B97313FDCFA39411CA2CEA /* Project object */ = {
			isa = PBXProject;
			attributes = {
				LastUpgradeCheck = 510;
				TargetAttributes = {
					1D6058900D05DD3D006BFB54 = {
						DevelopmentTeam = NUZXKA7782;
						ProvisioningStyle = Manual;
					};
				};
			};
			buildConfigurationList = C01FCF4E08A954540054247B /* Build configuration list for PBXProject "HelloCordova" */;
			compatibilityVersion = "Xcode 3.2";
			developmentRegion = English;
			hasScannedForEncodings = 1;
			knownRegions = (
				English,
				en,
				Base,
			);
			mainGroup = 29B97314FDCFA39411CA2CEA /* CustomTemplate */;
			projectDirPath = "";
			projectReferences = (
				{
					ProductGroup = 301BF52E109A57CC0062928A /* Products */;
					ProjectRef = 301BF52D109A57CC0062928A /* CordovaLib/CordovaLib.xcodeproj */;
				},
			);
			projectRoot = "";
			targets = (
				1D6058900D05DD3D006BFB54 /* HelloCordova */,
			);
		};
/* End PBXProject section */

/* Begin PBXReferenceProxy section */
		301BF535109A57CC0062928A /* libCordova.a */ = {
			isa = PBXReferenceProxy;
			fileType = archive.ar;
			path = libCordova.a;
			remoteRef = 301BF534109A57CC0062928A /* PBXContainerItemProxy */;
			sourceTree = BUILT_PRODUCTS_DIR;
		};
		907D8124214C687600058A10 /* Cordova.framework */ = {
			isa = PBXReferenceProxy;
			fileType = wrapper.framework;
			path = Cordova.framework;
			remoteRef = 907D8123214C687600058A10 /* PBXContainerItemProxy */;
			sourceTree = BUILT_PRODUCTS_DIR;
		};
/* End PBXReferenceProxy section */

/* Begin PBXResourcesBuildPhase section */
		1D60588D0D05DD3D006BFB54 /* Resources */ = {
			isa = PBXResourcesBuildPhase;
			buildActionMask = 2147483647;
			files = (
				302D95F214D2391D003F00A1 /* MainViewController.xib in Resources */,
				0207DA581B56EA530066E2B4 /* Images.xcassets in Resources */,
				6AFF5BF91D6E424B00AB3073 /* CDVLaunchScreen.storyboard in Resources */,
			);
			runOnlyForDeploymentPostprocessing = 0;
		};
/* End PBXResourcesBuildPhase section */

/* Begin PBXShellScriptBuildPhase section */
		304B58A110DAC018002A0835 /* Copy www directory */ = {
			isa = PBXShellScriptBuildPhase;
			buildActionMask = 2147483647;
			files = (
			);
			inputPaths = (
			);
			name = "Copy www directory";
			outputPaths = (
			);
			runOnlyForDeploymentPostprocessing = 0;
			shellPath = /bin/sh;
			shellScript = "\"$SRCROOT/HelloCordova/Scripts/copy-www-build-step.sh\"";
			showEnvVarsInLog = 0;
		};
/* End PBXShellScriptBuildPhase section */

/* Begin PBXSourcesBuildPhase section */
		1D60588E0D05DD3D006BFB54 /* Sources */ = {
			isa = PBXSourcesBuildPhase;
			buildActionMask = 2147483647;
			files = (
				1D60589B0D05DD56006BFB54 /* main.m in Sources */,
				1D3623260D0F684500981E51 /* AppDelegate.m in Sources */,
				302D95F114D2391D003F00A1 /* MainViewController.m in Sources */,
				88C0A3503ECD4840B9EE0423 /* YIMCallbackBlock.mm in Sources */,
				A1BAFC21AEC24C048E4BA1AB /* YIMClient.mm in Sources */,
				D0DACF7FF851485C9BA228BA /* YIMImplement.mm in Sources */,
				84F17BF15CFB4780AC506342 /* YIMMessage.m in Sources */,
				B25165658E6D455AAE11642D /* YIMService.mm in Sources */,
				B4109FAA8B49463EAE700762 /* YoumeIMCordovaPlugin.mm in Sources */,
			);
			runOnlyForDeploymentPostprocessing = 0;
		};
/* End PBXSourcesBuildPhase section */

/* Begin PBXTargetDependency section */
		301BF551109A68C00062928A /* PBXTargetDependency */ = {
			isa = PBXTargetDependency;
			name = CordovaLib;
			targetProxy = 301BF550109A68C00062928A /* PBXContainerItemProxy */;
		};
/* End PBXTargetDependency section */

/* Begin XCBuildConfiguration section */
		1D6058940D05DD3E006BFB54 /* Debug */ = {
			isa = XCBuildConfiguration;
			baseConfigurationReference = 3047A50F1AB8059700498E2A /* build-debug.xcconfig */;
			buildSettings = {
				ALWAYS_SEARCH_USER_PATHS = NO;
				ASSETCATALOG_COMPILER_APPICON_NAME = AppIcon;
				ASSETCATALOG_COMPILER_LAUNCHIMAGE_NAME = LaunchImage;
				CLANG_ENABLE_MODULES = YES;
				CLANG_ENABLE_OBJC_ARC = YES;
				CODE_SIGN_IDENTITY = "iPhone Developer";
				CODE_SIGN_STYLE = Manual;
				COPY_PHASE_STRIP = NO;
				DEVELOPMENT_TEAM = NUZXKA7782;
				FRAMEWORK_SEARCH_PATHS = (
					"$(inherited)",
					HelloCordova/Plugins/im.youme.cordovaim,
					HelloCordova/Plugins/im.youme.cordovaim,
					HelloCordova/Plugins/im.youme.cordovaim,
					HelloCordova/Plugins/im.youme.cordovaim,
					"$(PROJECT_DIR)/HelloCordova/Plugins/im.youme.cordovaim",
					"\"HelloCordova/Plugins/im.youme.cordovaim\"",
					"\"HelloCordova/Plugins/im.youme.cordovaim\"",
					"\"HelloCordova/Plugins/im.youme.cordovaim\"",
					"\"HelloCordova/Plugins/im.youme.cordovaim\"",
				);
				GCC_DYNAMIC_NO_PIC = NO;
				GCC_OPTIMIZATION_LEVEL = 0;
				GCC_PRECOMPILE_PREFIX_HEADER = YES;
				GCC_PREFIX_HEADER = "HelloCordova/HelloCordova-Prefix.pch";
				GCC_THUMB_SUPPORT = NO;
				GCC_VERSION = "";
				INFOPLIST_FILE = "HelloCordova/HelloCordova-Info.plist";
				IPHONEOS_DEPLOYMENT_TARGET = 10.0;
				LD_RUNPATH_SEARCH_PATHS = "@executable_path/Frameworks";
				LIBRARY_SEARCH_PATHS = (
					"$(inherited)",
					"\"$(SRCROOT)/$(TARGET_NAME)/Plugins/im.youme.cordovaim\"",
					"\"$(SRCROOT)/$(TARGET_NAME)/Plugins/im.youme.cordovaim\"",
					"\"$(SRCROOT)/$(TARGET_NAME)/Plugins/im.youme.cordovaim\"",
					"\"$(SRCROOT)/$(TARGET_NAME)/Plugins/im.youme.cordovaim\"",
				);
				PRODUCT_BUNDLE_IDENTIFIER = com.youme.cordovademo;
				PRODUCT_NAME = "$(TARGET_NAME)";
				PROVISIONING_PROFILE_SPECIFIER = YouMeDemoTest1;
				TARGETED_DEVICE_FAMILY = "1,2";
			};
			name = Debug;
		};
		1D6058950D05DD3E006BFB54 /* Release */ = {
			isa = XCBuildConfiguration;
			baseConfigurationReference = 3047A5101AB8059700498E2A /* build-release.xcconfig */;
			buildSettings = {
				ALWAYS_SEARCH_USER_PATHS = NO;
				ASSETCATALOG_COMPILER_APPICON_NAME = AppIcon;
				ASSETCATALOG_COMPILER_LAUNCHIMAGE_NAME = LaunchImage;
				CLANG_ENABLE_MODULES = YES;
				CLANG_ENABLE_OBJC_ARC = YES;
				CODE_SIGN_IDENTITY = "iPhone Developer";
				CODE_SIGN_STYLE = Manual;
				COPY_PHASE_STRIP = YES;
				DEVELOPMENT_TEAM = NUZXKA7782;
				FRAMEWORK_SEARCH_PATHS = (
					"$(inherited)",
					HelloCordova/Plugins/im.youme.cordovaim,
					HelloCordova/Plugins/im.youme.cordovaim,
					HelloCordova/Plugins/im.youme.cordovaim,
					HelloCordova/Plugins/im.youme.cordovaim,
					"$(PROJECT_DIR)/HelloCordova/Plugins/im.youme.cordovaim",
					"\"HelloCordova/Plugins/im.youme.cordovaim\"",
					"\"HelloCordova/Plugins/im.youme.cordovaim\"",
					"\"HelloCordova/Plugins/im.youme.cordovaim\"",
					"\"HelloCordova/Plugins/im.youme.cordovaim\"",
				);
				GCC_PRECOMPILE_PREFIX_HEADER = YES;
				GCC_PREFIX_HEADER = "HelloCordova/HelloCordova-Prefix.pch";
				GCC_THUMB_SUPPORT = NO;
				GCC_VERSION = "";
				INFOPLIST_FILE = "HelloCordova/HelloCordova-Info.plist";
				IPHONEOS_DEPLOYMENT_TARGET = 10.0;
				LD_RUNPATH_SEARCH_PATHS = "@executable_path/Frameworks";
				LIBRARY_SEARCH_PATHS = (
					"$(inherited)",
					"\"$(SRCROOT)/$(TARGET_NAME)/Plugins/im.youme.cordovaim\"",
					"\"$(SRCROOT)/$(TARGET_NAME)/Plugins/im.youme.cordovaim\"",
					"\"$(SRCROOT)/$(TARGET_NAME)/Plugins/im.youme.cordovaim\"",
					"\"$(SRCROOT)/$(TARGET_NAME)/Plugins/im.youme.cordovaim\"",
				);
				PRODUCT_BUNDLE_IDENTIFIER = com.youme.cordovademo;
				PRODUCT_NAME = "$(TARGET_NAME)";
				PROVISIONING_PROFILE_SPECIFIER = YouMeDemoTest1;
				TARGETED_DEVICE_FAMILY = "1,2";
			};
			name = Release;
		};
		C01FCF4F08A954540054247B /* Debug */ = {
			isa = XCBuildConfiguration;
			baseConfigurationReference = 3047A5111AB8059700498E2A /* build.xcconfig */;
			buildSettings = {
				CLANG_ENABLE_MODULES = YES;
				CLANG_ENABLE_OBJC_ARC = YES;
				CLANG_WARN_BLOCK_CAPTURE_AUTORELEASING = YES;
				CLANG_WARN_BOOL_CONVERSION = YES;
				CLANG_WARN_COMMA = YES;
				CLANG_WARN_CONSTANT_CONVERSION = YES;
				CLANG_WARN_DEPRECATED_OBJC_IMPLEMENTATIONS = YES;
				CLANG_WARN_EMPTY_BODY = YES;
				CLANG_WARN_ENUM_CONVERSION = YES;
				CLANG_WARN_INFINITE_RECURSION = YES;
				CLANG_WARN_INT_CONVERSION = YES;
				CLANG_WARN_NON_LITERAL_NULL_CONVERSION = YES;
				CLANG_WARN_OBJC_IMPLICIT_RETAIN_SELF = YES;
				CLANG_WARN_OBJC_LITERAL_CONVERSION = YES;
				CLANG_WARN_RANGE_LOOP_ANALYSIS = YES;
				CLANG_WARN_STRICT_PROTOTYPES = YES;
				CLANG_WARN_SUSPICIOUS_MOVE = YES;
				CLANG_WARN_UNREACHABLE_CODE = YES;
				CLANG_WARN__DUPLICATE_METHOD_MATCH = YES;
				ENABLE_STRICT_OBJC_MSGSEND = YES;
				ENABLE_TESTABILITY = YES;
				GCC_C_LANGUAGE_STANDARD = c99;
				GCC_NO_COMMON_BLOCKS = YES;
				GCC_THUMB_SUPPORT = NO;
				GCC_VERSION = "";
				GCC_WARN_64_TO_32_BIT_CONVERSION = YES;
				GCC_WARN_ABOUT_RETURN_TYPE = YES;
				GCC_WARN_UNDECLARED_SELECTOR = YES;
				GCC_WARN_UNINITIALIZED_AUTOS = YES;
				GCC_WARN_UNUSED_FUNCTION = YES;
				GCC_WARN_UNUSED_VARIABLE = YES;
				ONLY_ACTIVE_ARCH = YES;
				PRODUCT_BUNDLE_IDENTIFIER = io.cordova.hellocordova;
				SDKROOT = iphoneos;
				SKIP_INSTALL = NO;
			};
			name = Debug;
		};
		C01FCF5008A954540054247B /* Release */ = {
			isa = XCBuildConfiguration;
			baseConfigurationReference = 3047A5111AB8059700498E2A /* build.xcconfig */;
			buildSettings = {
				CLANG_ENABLE_MODULES = YES;
				CLANG_ENABLE_OBJC_ARC = YES;
				CLANG_WARN_BLOCK_CAPTURE_AUTORELEASING = YES;
				CLANG_WARN_BOOL_CONVERSION = YES;
				CLANG_WARN_COMMA = YES;
				CLANG_WARN_CONSTANT_CONVERSION = YES;
				CLANG_WARN_DEPRECATED_OBJC_IMPLEMENTATIONS = YES;
				CLANG_WARN_EMPTY_BODY = YES;
				CLANG_WARN_ENUM_CONVERSION = YES;
				CLANG_WARN_INFINITE_RECURSION = YES;
				CLANG_WARN_INT_CONVERSION = YES;
				CLANG_WARN_NON_LITERAL_NULL_CONVERSION = YES;
				CLANG_WARN_OBJC_IMPLICIT_RETAIN_SELF = YES;
				CLANG_WARN_OBJC_LITERAL_CONVERSION = YES;
				CLANG_WARN_RANGE_LOOP_ANALYSIS = YES;
				CLANG_WARN_STRICT_PROTOTYPES = YES;
				CLANG_WARN_SUSPICIOUS_MOVE = YES;
				CLANG_WARN_UNREACHABLE_CODE = YES;
				CLANG_WARN__DUPLICATE_METHOD_MATCH = YES;
				ENABLE_STRICT_OBJC_MSGSEND = YES;
				GCC_C_LANGUAGE_STANDARD = c99;
				GCC_NO_COMMON_BLOCKS = YES;
				GCC_THUMB_SUPPORT = NO;
				GCC_VERSION = "";
				GCC_WARN_64_TO_32_BIT_CONVERSION = YES;
				GCC_WARN_ABOUT_RETURN_TYPE = YES;
				GCC_WARN_UNDECLARED_SELECTOR = YES;
				GCC_WARN_UNINITIALIZED_AUTOS = YES;
				GCC_WARN_UNUSED_FUNCTION = YES;
				GCC_WARN_UNUSED_VARIABLE = YES;
				PRODUCT_BUNDLE_IDENTIFIER = io.cordova.hellocordova;
				SDKROOT = iphoneos;
				SKIP_INSTALL = NO;
			};
			name = Release;
		};
/* End XCBuildConfiguration section */

/* Begin XCConfigurationList section */
		1D6058960D05DD3E006BFB54 /* Build configuration list for PBXNativeTarget "HelloCordova" */ = {
			isa = XCConfigurationList;
			buildConfigurations = (
				1D6058940D05DD3E006BFB54 /* Debug */,
				1D6058950D05DD3E006BFB54 /* Release */,
			);
			defaultConfigurationIsVisible = 0;
			defaultConfigurationName = Release;
		};
		C01FCF4E08A954540054247B /* Build configuration list for PBXProject "HelloCordova" */ = {
			isa = XCConfigurationList;
			buildConfigurations = (
				C01FCF4F08A954540054247B /* Debug */,
				C01FCF5008A954540054247B /* Release */,
			);
			defaultConfigurationIsVisible = 0;
			defaultConfigurationName = Release;
		};
/* End XCConfigurationList section */
	};
	rootObject = 29B97313FDCFA39411CA2CEA /* Project object */;
}
